// !$*UTF8*$!
{
	archiveVersion = 1;
	classes = {
	};
	objectVersion = 56;
	objects = {

/* Begin PBXBuildFile section */
		C93BEFDC2A378394007F7C39 /* AppDelegate.swift in Sources */ = {isa = PBXBuildFile; fileRef = C93BEFDB2A378394007F7C39 /* AppDelegate.swift */; };
		C93BEFDE2A378394007F7C39 /* SceneDelegate.swift in Sources */ = {isa = PBXBuildFile; fileRef = C93BEFDD2A378394007F7C39 /* SceneDelegate.swift */; };
		C93BEFE02A378394007F7C39 /* AnimalListViewController.swift in Sources */ = {isa = PBXBuildFile; fileRef = C93BEFDF2A378394007F7C39 /* AnimalListViewController.swift */; };
		C93BEFE52A378396007F7C39 /* Assets.xcassets in Resources */ = {isa = PBXBuildFile; fileRef = C93BEFE42A378396007F7C39 /* Assets.xcassets */; };
		C93BF0122A378DFE007F7C39 /* AnimalRepository.swift in Sources */ = {isa = PBXBuildFile; fileRef = C93BF0112A378DFE007F7C39 /* AnimalRepository.swift */; };
		C93BF0142A378E3C007F7C39 /* FetchAnimalInfoUseCase.swift in Sources */ = {isa = PBXBuildFile; fileRef = C93BF0132A378E3C007F7C39 /* FetchAnimalInfoUseCase.swift */; };
		C93BF0192A378F3D007F7C39 /* AnimalQuery.swift in Sources */ = {isa = PBXBuildFile; fileRef = C93BF0182A378F3D007F7C39 /* AnimalQuery.swift */; };
		C93BF01B2A378FA7007F7C39 /* Animals.swift in Sources */ = {isa = PBXBuildFile; fileRef = C93BF01A2A378FA7007F7C39 /* Animals.swift */; };
		C9684F902A3B06090008790C /* AnimalTableViewCell.swift in Sources */ = {isa = PBXBuildFile; fileRef = C9684F8F2A3B06080008790C /* AnimalTableViewCell.swift */; };
		C9684F922A3B0CC40008790C /* AnimalCellModel.swift in Sources */ = {isa = PBXBuildFile; fileRef = C9684F912A3B0CC40008790C /* AnimalCellModel.swift */; };
		C9684F972A3B0EC00008790C /* AnimalSectionList.swift in Sources */ = {isa = PBXBuildFile; fileRef = C9684F962A3B0EC00008790C /* AnimalSectionList.swift */; };
		C9684F992A3B102D0008790C /* AnimalViewModel.swift in Sources */ = {isa = PBXBuildFile; fileRef = C9684F982A3B102D0008790C /* AnimalViewModel.swift */; };
		C9684F9C2A3B2FEE0008790C /* DefaultAnimalRepository.swift in Sources */ = {isa = PBXBuildFile; fileRef = C9684F9B2A3B2FEE0008790C /* DefaultAnimalRepository.swift */; };
		C9684FA12A3B31950008790C /* AnimalDetailViewController.swift in Sources */ = {isa = PBXBuildFile; fileRef = C9684FA02A3B31950008790C /* AnimalDetailViewController.swift */; };
		C9684FA72A3B33840008790C /* TaxonomyView.swift in Sources */ = {isa = PBXBuildFile; fileRef = C9684FA62A3B33840008790C /* TaxonomyView.swift */; };
		C9684FA92A3B33990008790C /* TaxonomyViewController.swift in Sources */ = {isa = PBXBuildFile; fileRef = C9684FA82A3B33990008790C /* TaxonomyViewController.swift */; };
		C9684FAB2A3B33A70008790C /* TaxonomyViewModel.swift in Sources */ = {isa = PBXBuildFile; fileRef = C9684FAA2A3B33A70008790C /* TaxonomyViewModel.swift */; };
		C9684FAF2A3B33D40008790C /* CharacteristicsView.swift in Sources */ = {isa = PBXBuildFile; fileRef = C9684FAE2A3B33D40008790C /* CharacteristicsView.swift */; };
		C9684FB12A3B33EA0008790C /* CharacteristicsViewController.swift in Sources */ = {isa = PBXBuildFile; fileRef = C9684FB02A3B33EA0008790C /* CharacteristicsViewController.swift */; };
		C9684FB32A3B33FB0008790C /* CharacteristicsViewModel.swift in Sources */ = {isa = PBXBuildFile; fileRef = C9684FB22A3B33FB0008790C /* CharacteristicsViewModel.swift */; };
		C9684FB52A3B34F30008790C /* AnimalDetailViewModel.swift in Sources */ = {isa = PBXBuildFile; fileRef = C9684FB42A3B34F30008790C /* AnimalDetailViewModel.swift */; };
		C9684FB72A3B356F0008790C /* AnimalDetailSectionList.swift in Sources */ = {isa = PBXBuildFile; fileRef = C9684FB62A3B356F0008790C /* AnimalDetailSectionList.swift */; };
		C9684FB92A3C5B2B0008790C /* NetworkService.swift in Sources */ = {isa = PBXBuildFile; fileRef = C9684FB82A3C5B2B0008790C /* NetworkService.swift */; };
		C9684FBB2A3C5B860008790C /* DataTransferService.swift in Sources */ = {isa = PBXBuildFile; fileRef = C9684FBA2A3C5B860008790C /* DataTransferService.swift */; };
		C9684FBE2A3C5DD80008790C /* AnimalModel.swift in Sources */ = {isa = PBXBuildFile; fileRef = C9684FBD2A3C5DD80008790C /* AnimalModel.swift */; };
		C9684FC02A3CC5B50008790C /* Endpoint.swift in Sources */ = {isa = PBXBuildFile; fileRef = C9684FBF2A3CC5B50008790C /* Endpoint.swift */; };
		C9684FC32A3F40AC0008790C /* AnimalRequestQuery.swift in Sources */ = {isa = PBXBuildFile; fileRef = C9684FC22A3F40AC0008790C /* AnimalRequestQuery.swift */; };
		C9684FC72A3F55F40008790C /* AnimalEndpointPaths.swift in Sources */ = {isa = PBXBuildFile; fileRef = C9684FC62A3F55F40008790C /* AnimalEndpointPaths.swift */; };
		C9684FCA2A40BCC50008790C /* APIEndpoint.swift in Sources */ = {isa = PBXBuildFile; fileRef = C9684FC92A40BCC50008790C /* APIEndpoint.swift */; };
		C9684FCC2A5481980008790C /* DetailModel.swift in Sources */ = {isa = PBXBuildFile; fileRef = C9684FCB2A5481980008790C /* DetailModel.swift */; };
		C9684FD22A66E0FE0008790C /* CoreDataStorage.xcdatamodeld in Sources */ = {isa = PBXBuildFile; fileRef = C9684FD02A66E0FE0008790C /* CoreDataStorage.xcdatamodeld */; };
		C9684FD62A66E1600008790C /* CoreDataStorage.swift in Sources */ = {isa = PBXBuildFile; fileRef = C9684FD52A66E1600008790C /* CoreDataStorage.swift */; };
		C9684FD82A66E6CB0008790C /* AnimalQueryRepository.swift in Sources */ = {isa = PBXBuildFile; fileRef = C9684FD72A66E6CB0008790C /* AnimalQueryRepository.swift */; };
		C9684FDC2A6D48C70008790C /* DefaultAnimalQueryRepository.swift in Sources */ = {isa = PBXBuildFile; fileRef = C9684FDB2A6D48C70008790C /* DefaultAnimalQueryRepository.swift */; };
		C9684FDE2A6D4B3E0008790C /* AnimalQueryStorage.swift in Sources */ = {isa = PBXBuildFile; fileRef = C9684FDD2A6D4B3E0008790C /* AnimalQueryStorage.swift */; };
		C9684FE02A6D55E60008790C /* DataMapping.swift in Sources */ = {isa = PBXBuildFile; fileRef = C9684FDF2A6D55E60008790C /* DataMapping.swift */; };
		C9684FE22A7C06A80008790C /* FetchAnimalQueriesUseCase.swift in Sources */ = {isa = PBXBuildFile; fileRef = C9684FE12A7C06A80008790C /* FetchAnimalQueriesUseCase.swift */; };
		C9684FEC2A8662850008790C /* AnimalQueriesListViewModel.swift in Sources */ = {isa = PBXBuildFile; fileRef = C9684FEB2A8662850008790C /* AnimalQueriesListViewModel.swift */; };
		C9684FF22A893AE10008790C /* AppFlowCoordinator.swift in Sources */ = {isa = PBXBuildFile; fileRef = C9684FF12A893AE10008790C /* AppFlowCoordinator.swift */; };
		C9684FF52A8A2CE60008790C /* AnimalFlowCoordinator.swift in Sources */ = {isa = PBXBuildFile; fileRef = C9684FF42A8A2CE60008790C /* AnimalFlowCoordinator.swift */; };
		C9684FF92A8B97F50008790C /* AnimalViewControllersFactory.swift in Sources */ = {isa = PBXBuildFile; fileRef = C9684FF82A8B97F50008790C /* AnimalViewControllersFactory.swift */; };
		C978C4042AF79C4100C5C4E4 /* CharacteristicsViewSwiftUI.swift in Sources */ = {isa = PBXBuildFile; fileRef = C978C4032AF79C4100C5C4E4 /* CharacteristicsViewSwiftUI.swift */; };
		C97AA71B2AC48EE3001ED34C /* AnimalViewModelTests.swift in Sources */ = {isa = PBXBuildFile; fileRef = C97AA71A2AC48EE3001ED34C /* AnimalViewModelTests.swift */; };
		C97AA71E2AC48F99001ED34C /* FetchAnimalInfoUseCaseSpy.swift in Sources */ = {isa = PBXBuildFile; fileRef = C97AA71D2AC48F99001ED34C /* FetchAnimalInfoUseCaseSpy.swift */; };
		C97AA7212AC4AB5B001ED34C /* DispatchQueueTypeMock.swift in Sources */ = {isa = PBXBuildFile; fileRef = C97AA7202AC4AB5B001ED34C /* DispatchQueueTypeMock.swift */; };
		C97AA7242AC4ABFF001ED34C /* DispatchQueueType.swift in Sources */ = {isa = PBXBuildFile; fileRef = C97AA7232AC4ABFF001ED34C /* DispatchQueueType.swift */; };
		C98D3A402ACB3EC200EACA2C /* AnimalDetailViewModelTests.swift in Sources */ = {isa = PBXBuildFile; fileRef = C98D3A3F2ACB3EC200EACA2C /* AnimalDetailViewModelTests.swift */; };
		C98D3A462ACC9B0C00EACA2C /* TaxonomyViewModelTests.swift in Sources */ = {isa = PBXBuildFile; fileRef = C98D3A452ACC9B0C00EACA2C /* TaxonomyViewModelTests.swift */; };
		C98D3A482ACC9B2400EACA2C /* CharacteristicsViewModelTests.swift in Sources */ = {isa = PBXBuildFile; fileRef = C98D3A472ACC9B2400EACA2C /* CharacteristicsViewModelTests.swift */; };
		C98D3A4C2ACEACF200EACA2C /* AnimalQueriesListTests.swift in Sources */ = {isa = PBXBuildFile; fileRef = C98D3A4B2ACEACF200EACA2C /* AnimalQueriesListTests.swift */; };
		C98D3A4E2ACEAE5700EACA2C /* FetchAnimalQueriesUseCaseSpy.swift in Sources */ = {isa = PBXBuildFile; fileRef = C98D3A4D2ACEAE5700EACA2C /* FetchAnimalQueriesUseCaseSpy.swift */; };
		C98D3A542AD4482C00EACA2C /* FetchAnimalInfoUseCaseTests.swift in Sources */ = {isa = PBXBuildFile; fileRef = C98D3A532AD4482B00EACA2C /* FetchAnimalInfoUseCaseTests.swift */; };
		C98D3A572AD87BB600EACA2C /* AnimalRepositoryTests.swift in Sources */ = {isa = PBXBuildFile; fileRef = C98D3A562AD87BB600EACA2C /* AnimalRepositoryTests.swift */; };
		C98D3A5B2ADD562F00EACA2C /* DataTransferServiceTests.swift in Sources */ = {isa = PBXBuildFile; fileRef = C98D3A5A2ADD562F00EACA2C /* DataTransferServiceTests.swift */; };
		C98D3A5E2ADD579600EACA2C /* FetchAnimalQueriesUseCaseTests.swift in Sources */ = {isa = PBXBuildFile; fileRef = C98D3A5D2ADD579600EACA2C /* FetchAnimalQueriesUseCaseTests.swift */; };
		C98D3A602ADD799B00EACA2C /* NetworkServiceTests.swift in Sources */ = {isa = PBXBuildFile; fileRef = C98D3A5F2ADD799B00EACA2C /* NetworkServiceTests.swift */; };
		C98D3A652ADEF95800EACA2C /* URLSessionManager.swift in Sources */ = {isa = PBXBuildFile; fileRef = C98D3A642ADEF95800EACA2C /* URLSessionManager.swift */; };
		C98D3A672AE17BC600EACA2C /* AnimalQueryRepositoryTests.swift in Sources */ = {isa = PBXBuildFile; fileRef = C98D3A662AE17BC600EACA2C /* AnimalQueryRepositoryTests.swift */; };
		C98D3A692AE2784900EACA2C /* DataTransferServiceSpy.swift in Sources */ = {isa = PBXBuildFile; fileRef = C98D3A682AE2784900EACA2C /* DataTransferServiceSpy.swift */; };
		C98D3A6B2AE278B900EACA2C /* AnimalQueryStorageSpy.swift in Sources */ = {isa = PBXBuildFile; fileRef = C98D3A6A2AE278B900EACA2C /* AnimalQueryStorageSpy.swift */; };
		C98D3A6D2AE2791400EACA2C /* NetworkServiceSpy.swift in Sources */ = {isa = PBXBuildFile; fileRef = C98D3A6C2AE2791400EACA2C /* NetworkServiceSpy.swift */; };
		C9B99D3F2AF6A14000A17503 /* LaunchScreen.storyboard in Resources */ = {isa = PBXBuildFile; fileRef = C9B99D3E2AF6A14000A17503 /* LaunchScreen.storyboard */; };
		C9D422562AB23A6100FD96F7 /* AnimalQueriesViewController.swift in Sources */ = {isa = PBXBuildFile; fileRef = C9D422552AB23A6100FD96F7 /* AnimalQueriesViewController.swift */; };
		C9D422592AB23A8400FD96F7 /* AnimalQueriesStoryboard.storyboard in Resources */ = {isa = PBXBuildFile; fileRef = C9D422582AB23A8400FD96F7 /* AnimalQueriesStoryboard.storyboard */; };
		C9D4225C2AB23A9D00FD96F7 /* AnimalQueriesTableViewCell.swift in Sources */ = {isa = PBXBuildFile; fileRef = C9D4225B2AB23A9D00FD96F7 /* AnimalQueriesTableViewCell.swift */; };
		C9D4226D2AB8D93500FD96F7 /* Color.swift in Sources */ = {isa = PBXBuildFile; fileRef = C9D4226C2AB8D93500FD96F7 /* Color.swift */; };
		C9D4226F2AB8D94700FD96F7 /* ViewControllerUtils.swift in Sources */ = {isa = PBXBuildFile; fileRef = C9D4226E2AB8D94700FD96F7 /* ViewControllerUtils.swift */; };
		C9D422712AB8DAE300FD96F7 /* TableViewUtils.swift in Sources */ = {isa = PBXBuildFile; fileRef = C9D422702AB8DAE300FD96F7 /* TableViewUtils.swift */; };
		C9D423002ABDBB8200FD96F7 /* AlertUtils.swift in Sources */ = {isa = PBXBuildFile; fileRef = C9D422FF2ABDBB8200FD96F7 /* AlertUtils.swift */; };
/* End PBXBuildFile section */

/* Begin PBXContainerItemProxy section */
		C93BEFEF2A378396007F7C39 /* PBXContainerItemProxy */ = {
			isa = PBXContainerItemProxy;
			containerPortal = C93BEFD02A378394007F7C39 /* Project object */;
			proxyType = 1;
			remoteGlobalIDString = C93BEFD72A378394007F7C39;
			remoteInfo = AnimalBrowser;
		};
		C93BEFF92A378396007F7C39 /* PBXContainerItemProxy */ = {
			isa = PBXContainerItemProxy;
			containerPortal = C93BEFD02A378394007F7C39 /* Project object */;
			proxyType = 1;
			remoteGlobalIDString = C93BEFD72A378394007F7C39;
			remoteInfo = AnimalBrowser;
		};
/* End PBXContainerItemProxy section */

/* Begin PBXCopyFilesBuildPhase section */
		C98877252AFAC80500F60F76 /* Embed Frameworks */ = {
			isa = PBXCopyFilesBuildPhase;
			buildActionMask = 2147483647;
			dstPath = "";
			dstSubfolderSpec = 10;
			files = (
			);
			name = "Embed Frameworks";
			runOnlyForDeploymentPostprocessing = 0;
		};
/* End PBXCopyFilesBuildPhase section */

/* Begin PBXFileReference section */
		C93BEFD82A378394007F7C39 /* AnimalBrowser.app */ = {isa = PBXFileReference; explicitFileType = wrapper.application; includeInIndex = 0; path = AnimalBrowser.app; sourceTree = BUILT_PRODUCTS_DIR; };
		C93BEFDB2A378394007F7C39 /* AppDelegate.swift */ = {isa = PBXFileReference; lastKnownFileType = sourcecode.swift; path = AppDelegate.swift; sourceTree = "<group>"; };
		C93BEFDD2A378394007F7C39 /* SceneDelegate.swift */ = {isa = PBXFileReference; lastKnownFileType = sourcecode.swift; path = SceneDelegate.swift; sourceTree = "<group>"; };
		C93BEFDF2A378394007F7C39 /* AnimalListViewController.swift */ = {isa = PBXFileReference; lastKnownFileType = sourcecode.swift; path = AnimalListViewController.swift; sourceTree = "<group>"; };
		C93BEFE42A378396007F7C39 /* Assets.xcassets */ = {isa = PBXFileReference; lastKnownFileType = folder.assetcatalog; path = Assets.xcassets; sourceTree = "<group>"; };
		C93BEFE92A378396007F7C39 /* Info.plist */ = {isa = PBXFileReference; lastKnownFileType = text.plist.xml; path = Info.plist; sourceTree = "<group>"; };
		C93BEFEE2A378396007F7C39 /* AnimalBrowserTests.xctest */ = {isa = PBXFileReference; explicitFileType = wrapper.cfbundle; includeInIndex = 0; path = AnimalBrowserTests.xctest; sourceTree = BUILT_PRODUCTS_DIR; };
		C93BEFF82A378396007F7C39 /* AnimalBrowserUITests.xctest */ = {isa = PBXFileReference; explicitFileType = wrapper.cfbundle; includeInIndex = 0; path = AnimalBrowserUITests.xctest; sourceTree = BUILT_PRODUCTS_DIR; };
		C93BF0112A378DFE007F7C39 /* AnimalRepository.swift */ = {isa = PBXFileReference; lastKnownFileType = sourcecode.swift; path = AnimalRepository.swift; sourceTree = "<group>"; };
		C93BF0132A378E3C007F7C39 /* FetchAnimalInfoUseCase.swift */ = {isa = PBXFileReference; lastKnownFileType = sourcecode.swift; path = FetchAnimalInfoUseCase.swift; sourceTree = "<group>"; };
		C93BF0182A378F3D007F7C39 /* AnimalQuery.swift */ = {isa = PBXFileReference; lastKnownFileType = sourcecode.swift; path = AnimalQuery.swift; sourceTree = "<group>"; };
		C93BF01A2A378FA7007F7C39 /* Animals.swift */ = {isa = PBXFileReference; lastKnownFileType = sourcecode.swift; path = Animals.swift; sourceTree = "<group>"; };
		C9684F8F2A3B06080008790C /* AnimalTableViewCell.swift */ = {isa = PBXFileReference; lastKnownFileType = sourcecode.swift; path = AnimalTableViewCell.swift; sourceTree = "<group>"; };
		C9684F912A3B0CC40008790C /* AnimalCellModel.swift */ = {isa = PBXFileReference; lastKnownFileType = sourcecode.swift; path = AnimalCellModel.swift; sourceTree = "<group>"; };
		C9684F962A3B0EC00008790C /* AnimalSectionList.swift */ = {isa = PBXFileReference; lastKnownFileType = sourcecode.swift; path = AnimalSectionList.swift; sourceTree = "<group>"; };
		C9684F982A3B102D0008790C /* AnimalViewModel.swift */ = {isa = PBXFileReference; lastKnownFileType = sourcecode.swift; path = AnimalViewModel.swift; sourceTree = "<group>"; };
		C9684F9B2A3B2FEE0008790C /* DefaultAnimalRepository.swift */ = {isa = PBXFileReference; lastKnownFileType = sourcecode.swift; path = DefaultAnimalRepository.swift; sourceTree = "<group>"; };
		C9684FA02A3B31950008790C /* AnimalDetailViewController.swift */ = {isa = PBXFileReference; lastKnownFileType = sourcecode.swift; path = AnimalDetailViewController.swift; sourceTree = "<group>"; };
		C9684FA62A3B33840008790C /* TaxonomyView.swift */ = {isa = PBXFileReference; lastKnownFileType = sourcecode.swift; path = TaxonomyView.swift; sourceTree = "<group>"; };
		C9684FA82A3B33990008790C /* TaxonomyViewController.swift */ = {isa = PBXFileReference; lastKnownFileType = sourcecode.swift; path = TaxonomyViewController.swift; sourceTree = "<group>"; };
		C9684FAA2A3B33A70008790C /* TaxonomyViewModel.swift */ = {isa = PBXFileReference; lastKnownFileType = sourcecode.swift; path = TaxonomyViewModel.swift; sourceTree = "<group>"; };
		C9684FAE2A3B33D40008790C /* CharacteristicsView.swift */ = {isa = PBXFileReference; lastKnownFileType = sourcecode.swift; path = CharacteristicsView.swift; sourceTree = "<group>"; };
		C9684FB02A3B33EA0008790C /* CharacteristicsViewController.swift */ = {isa = PBXFileReference; lastKnownFileType = sourcecode.swift; path = CharacteristicsViewController.swift; sourceTree = "<group>"; };
		C9684FB22A3B33FB0008790C /* CharacteristicsViewModel.swift */ = {isa = PBXFileReference; lastKnownFileType = sourcecode.swift; path = CharacteristicsViewModel.swift; sourceTree = "<group>"; };
		C9684FB42A3B34F30008790C /* AnimalDetailViewModel.swift */ = {isa = PBXFileReference; lastKnownFileType = sourcecode.swift; path = AnimalDetailViewModel.swift; sourceTree = "<group>"; };
		C9684FB62A3B356F0008790C /* AnimalDetailSectionList.swift */ = {isa = PBXFileReference; lastKnownFileType = sourcecode.swift; path = AnimalDetailSectionList.swift; sourceTree = "<group>"; };
		C9684FB82A3C5B2B0008790C /* NetworkService.swift */ = {isa = PBXFileReference; lastKnownFileType = sourcecode.swift; path = NetworkService.swift; sourceTree = "<group>"; };
		C9684FBA2A3C5B860008790C /* DataTransferService.swift */ = {isa = PBXFileReference; lastKnownFileType = sourcecode.swift; path = DataTransferService.swift; sourceTree = "<group>"; };
		C9684FBD2A3C5DD80008790C /* AnimalModel.swift */ = {isa = PBXFileReference; lastKnownFileType = sourcecode.swift; path = AnimalModel.swift; sourceTree = "<group>"; };
		C9684FBF2A3CC5B50008790C /* Endpoint.swift */ = {isa = PBXFileReference; lastKnownFileType = sourcecode.swift; path = Endpoint.swift; sourceTree = "<group>"; };
		C9684FC22A3F40AC0008790C /* AnimalRequestQuery.swift */ = {isa = PBXFileReference; lastKnownFileType = sourcecode.swift; path = AnimalRequestQuery.swift; sourceTree = "<group>"; };
		C9684FC62A3F55F40008790C /* AnimalEndpointPaths.swift */ = {isa = PBXFileReference; lastKnownFileType = sourcecode.swift; path = AnimalEndpointPaths.swift; sourceTree = "<group>"; };
		C9684FC92A40BCC50008790C /* APIEndpoint.swift */ = {isa = PBXFileReference; lastKnownFileType = sourcecode.swift; path = APIEndpoint.swift; sourceTree = "<group>"; };
		C9684FCB2A5481980008790C /* DetailModel.swift */ = {isa = PBXFileReference; lastKnownFileType = sourcecode.swift; path = DetailModel.swift; sourceTree = "<group>"; };
		C9684FD12A66E0FE0008790C /* CoreDataStorage.xcdatamodel */ = {isa = PBXFileReference; lastKnownFileType = wrapper.xcdatamodel; path = CoreDataStorage.xcdatamodel; sourceTree = "<group>"; };
		C9684FD52A66E1600008790C /* CoreDataStorage.swift */ = {isa = PBXFileReference; lastKnownFileType = sourcecode.swift; path = CoreDataStorage.swift; sourceTree = "<group>"; };
		C9684FD72A66E6CB0008790C /* AnimalQueryRepository.swift */ = {isa = PBXFileReference; lastKnownFileType = sourcecode.swift; path = AnimalQueryRepository.swift; sourceTree = "<group>"; };
		C9684FDB2A6D48C70008790C /* DefaultAnimalQueryRepository.swift */ = {isa = PBXFileReference; lastKnownFileType = sourcecode.swift; path = DefaultAnimalQueryRepository.swift; sourceTree = "<group>"; };
		C9684FDD2A6D4B3E0008790C /* AnimalQueryStorage.swift */ = {isa = PBXFileReference; lastKnownFileType = sourcecode.swift; path = AnimalQueryStorage.swift; sourceTree = "<group>"; };
		C9684FDF2A6D55E60008790C /* DataMapping.swift */ = {isa = PBXFileReference; lastKnownFileType = sourcecode.swift; path = DataMapping.swift; sourceTree = "<group>"; };
		C9684FE12A7C06A80008790C /* FetchAnimalQueriesUseCase.swift */ = {isa = PBXFileReference; lastKnownFileType = sourcecode.swift; path = FetchAnimalQueriesUseCase.swift; sourceTree = "<group>"; };
		C9684FEB2A8662850008790C /* AnimalQueriesListViewModel.swift */ = {isa = PBXFileReference; lastKnownFileType = sourcecode.swift; path = AnimalQueriesListViewModel.swift; sourceTree = "<group>"; };
		C9684FF12A893AE10008790C /* AppFlowCoordinator.swift */ = {isa = PBXFileReference; lastKnownFileType = sourcecode.swift; path = AppFlowCoordinator.swift; sourceTree = "<group>"; };
		C9684FF42A8A2CE60008790C /* AnimalFlowCoordinator.swift */ = {isa = PBXFileReference; lastKnownFileType = sourcecode.swift; path = AnimalFlowCoordinator.swift; sourceTree = "<group>"; };
		C9684FF82A8B97F50008790C /* AnimalViewControllersFactory.swift */ = {isa = PBXFileReference; lastKnownFileType = sourcecode.swift; path = AnimalViewControllersFactory.swift; sourceTree = "<group>"; };
		C978C4032AF79C4100C5C4E4 /* CharacteristicsViewSwiftUI.swift */ = {isa = PBXFileReference; lastKnownFileType = sourcecode.swift; path = CharacteristicsViewSwiftUI.swift; sourceTree = "<group>"; };
		C97AA71A2AC48EE3001ED34C /* AnimalViewModelTests.swift */ = {isa = PBXFileReference; lastKnownFileType = sourcecode.swift; path = AnimalViewModelTests.swift; sourceTree = "<group>"; };
		C97AA71D2AC48F99001ED34C /* FetchAnimalInfoUseCaseSpy.swift */ = {isa = PBXFileReference; lastKnownFileType = sourcecode.swift; path = FetchAnimalInfoUseCaseSpy.swift; sourceTree = "<group>"; };
		C97AA7202AC4AB5B001ED34C /* DispatchQueueTypeMock.swift */ = {isa = PBXFileReference; lastKnownFileType = sourcecode.swift; path = DispatchQueueTypeMock.swift; sourceTree = "<group>"; };
		C97AA7232AC4ABFF001ED34C /* DispatchQueueType.swift */ = {isa = PBXFileReference; lastKnownFileType = sourcecode.swift; path = DispatchQueueType.swift; sourceTree = "<group>"; };
		C98D3A3F2ACB3EC200EACA2C /* AnimalDetailViewModelTests.swift */ = {isa = PBXFileReference; lastKnownFileType = sourcecode.swift; path = AnimalDetailViewModelTests.swift; sourceTree = "<group>"; };
		C98D3A452ACC9B0C00EACA2C /* TaxonomyViewModelTests.swift */ = {isa = PBXFileReference; lastKnownFileType = sourcecode.swift; path = TaxonomyViewModelTests.swift; sourceTree = "<group>"; };
		C98D3A472ACC9B2400EACA2C /* CharacteristicsViewModelTests.swift */ = {isa = PBXFileReference; lastKnownFileType = sourcecode.swift; path = CharacteristicsViewModelTests.swift; sourceTree = "<group>"; };
		C98D3A4B2ACEACF200EACA2C /* AnimalQueriesListTests.swift */ = {isa = PBXFileReference; lastKnownFileType = sourcecode.swift; path = AnimalQueriesListTests.swift; sourceTree = "<group>"; };
		C98D3A4D2ACEAE5700EACA2C /* FetchAnimalQueriesUseCaseSpy.swift */ = {isa = PBXFileReference; lastKnownFileType = sourcecode.swift; path = FetchAnimalQueriesUseCaseSpy.swift; sourceTree = "<group>"; };
		C98D3A532AD4482B00EACA2C /* FetchAnimalInfoUseCaseTests.swift */ = {isa = PBXFileReference; lastKnownFileType = sourcecode.swift; path = FetchAnimalInfoUseCaseTests.swift; sourceTree = "<group>"; };
		C98D3A562AD87BB600EACA2C /* AnimalRepositoryTests.swift */ = {isa = PBXFileReference; lastKnownFileType = sourcecode.swift; path = AnimalRepositoryTests.swift; sourceTree = "<group>"; };
		C98D3A5A2ADD562F00EACA2C /* DataTransferServiceTests.swift */ = {isa = PBXFileReference; lastKnownFileType = sourcecode.swift; path = DataTransferServiceTests.swift; sourceTree = "<group>"; };
		C98D3A5D2ADD579600EACA2C /* FetchAnimalQueriesUseCaseTests.swift */ = {isa = PBXFileReference; fileEncoding = 4; lastKnownFileType = sourcecode.swift; path = FetchAnimalQueriesUseCaseTests.swift; sourceTree = "<group>"; };
		C98D3A5F2ADD799B00EACA2C /* NetworkServiceTests.swift */ = {isa = PBXFileReference; lastKnownFileType = sourcecode.swift; path = NetworkServiceTests.swift; sourceTree = "<group>"; };
		C98D3A642ADEF95800EACA2C /* URLSessionManager.swift */ = {isa = PBXFileReference; fileEncoding = 4; lastKnownFileType = sourcecode.swift; path = URLSessionManager.swift; sourceTree = "<group>"; };
		C98D3A662AE17BC600EACA2C /* AnimalQueryRepositoryTests.swift */ = {isa = PBXFileReference; lastKnownFileType = sourcecode.swift; path = AnimalQueryRepositoryTests.swift; sourceTree = "<group>"; };
		C98D3A682AE2784900EACA2C /* DataTransferServiceSpy.swift */ = {isa = PBXFileReference; lastKnownFileType = sourcecode.swift; path = DataTransferServiceSpy.swift; sourceTree = "<group>"; };
		C98D3A6A2AE278B900EACA2C /* AnimalQueryStorageSpy.swift */ = {isa = PBXFileReference; lastKnownFileType = sourcecode.swift; path = AnimalQueryStorageSpy.swift; sourceTree = "<group>"; };
		C98D3A6C2AE2791400EACA2C /* NetworkServiceSpy.swift */ = {isa = PBXFileReference; lastKnownFileType = sourcecode.swift; path = NetworkServiceSpy.swift; sourceTree = "<group>"; };
		C9B99D3E2AF6A14000A17503 /* LaunchScreen.storyboard */ = {isa = PBXFileReference; lastKnownFileType = file.storyboard; path = LaunchScreen.storyboard; sourceTree = "<group>"; };
		C9D422552AB23A6100FD96F7 /* AnimalQueriesViewController.swift */ = {isa = PBXFileReference; lastKnownFileType = sourcecode.swift; path = AnimalQueriesViewController.swift; sourceTree = "<group>"; };
		C9D422582AB23A8400FD96F7 /* AnimalQueriesStoryboard.storyboard */ = {isa = PBXFileReference; lastKnownFileType = file.storyboard; path = AnimalQueriesStoryboard.storyboard; sourceTree = "<group>"; };
		C9D4225B2AB23A9D00FD96F7 /* AnimalQueriesTableViewCell.swift */ = {isa = PBXFileReference; lastKnownFileType = sourcecode.swift; path = AnimalQueriesTableViewCell.swift; sourceTree = "<group>"; };
		C9D4226C2AB8D93500FD96F7 /* Color.swift */ = {isa = PBXFileReference; lastKnownFileType = sourcecode.swift; path = Color.swift; sourceTree = "<group>"; };
		C9D4226E2AB8D94700FD96F7 /* ViewControllerUtils.swift */ = {isa = PBXFileReference; lastKnownFileType = sourcecode.swift; path = ViewControllerUtils.swift; sourceTree = "<group>"; };
		C9D422702AB8DAE300FD96F7 /* TableViewUtils.swift */ = {isa = PBXFileReference; lastKnownFileType = sourcecode.swift; path = TableViewUtils.swift; sourceTree = "<group>"; };
		C9D422FF2ABDBB8200FD96F7 /* AlertUtils.swift */ = {isa = PBXFileReference; lastKnownFileType = sourcecode.swift; path = AlertUtils.swift; sourceTree = "<group>"; };
/* End PBXFileReference section */

/* Begin PBXFrameworksBuildPhase section */
		C93BEFD52A378394007F7C39 /* Frameworks */ = {
			isa = PBXFrameworksBuildPhase;
			buildActionMask = 2147483647;
			files = (
			);
			runOnlyForDeploymentPostprocessing = 0;
		};
		C93BEFEB2A378396007F7C39 /* Frameworks */ = {
			isa = PBXFrameworksBuildPhase;
			buildActionMask = 2147483647;
			files = (
			);
			runOnlyForDeploymentPostprocessing = 0;
		};
		C93BEFF52A378396007F7C39 /* Frameworks */ = {
			isa = PBXFrameworksBuildPhase;
			buildActionMask = 2147483647;
			files = (
			);
			runOnlyForDeploymentPostprocessing = 0;
		};
/* End PBXFrameworksBuildPhase section */

/* Begin PBXGroup section */
		C93BEFCF2A378394007F7C39 = {
			isa = PBXGroup;
			children = (
				C93BEFDA2A378394007F7C39 /* AnimalBrowser */,
				C93BEFF12A378396007F7C39 /* AnimalBrowserTests */,
				C93BEFD92A378394007F7C39 /* Products */,
				C988771D2AFAC80500F60F76 /* Frameworks */,
			);
			sourceTree = "<group>";
		};
		C93BEFD92A378394007F7C39 /* Products */ = {
			isa = PBXGroup;
			children = (
				C93BEFD82A378394007F7C39 /* AnimalBrowser.app */,
				C93BEFEE2A378396007F7C39 /* AnimalBrowserTests.xctest */,
				C93BEFF82A378396007F7C39 /* AnimalBrowserUITests.xctest */,
			);
			name = Products;
			sourceTree = "<group>";
		};
		C93BEFDA2A378394007F7C39 /* AnimalBrowser */ = {
			isa = PBXGroup;
			children = (
				C97AA7222AC4ABEF001ED34C /* Common */,
				C93BF00B2A3786A7007F7C39 /* Application */,
				C93BF00E2A378723007F7C39 /* Presentation */,
				C93BF00D2A37871A007F7C39 /* Domain */,
				C93BF00C2A378714007F7C39 /* Data */,
				C9684FC42A3F492B0008790C /* Infrastructure */,
				C93BEFE42A378396007F7C39 /* Assets.xcassets */,
				C93BEFE92A378396007F7C39 /* Info.plist */,
				C9B99D3E2AF6A14000A17503 /* LaunchScreen.storyboard */,
			);
			path = AnimalBrowser;
			sourceTree = "<group>";
		};
		C93BEFF12A378396007F7C39 /* AnimalBrowserTests */ = {
			isa = PBXGroup;
			children = (
				C97AA71C2AC48F87001ED34C /* Spies */,
				C97AA7172AC48EBC001ED34C /* Presentation */,
				C98D3A4F2AD0507400EACA2C /* Domain */,
				C98D3A552AD878EC00EACA2C /* Data */,
				C98D3A582ADD529500EACA2C /* Infrastructure */,
			);
			path = AnimalBrowserTests;
			sourceTree = "<group>";
		};
		C93BF00B2A3786A7007F7C39 /* Application */ = {
			isa = PBXGroup;
			children = (
				C93BEFDB2A378394007F7C39 /* AppDelegate.swift */,
				C93BEFDD2A378394007F7C39 /* SceneDelegate.swift */,
				C9684FF12A893AE10008790C /* AppFlowCoordinator.swift */,
				C9684FF82A8B97F50008790C /* AnimalViewControllersFactory.swift */,
			);
			path = Application;
			sourceTree = "<group>";
		};
		C93BF00C2A378714007F7C39 /* Data */ = {
			isa = PBXGroup;
			children = (
				C9684F9A2A3B2FDA0008790C /* Repository */,
				C9684FD32A66E11D0008790C /* PersistentStorage */,
				C9684FD42A66E12A0008790C /* Network */,
			);
			path = Data;
			sourceTree = "<group>";
		};
		C93BF00D2A37871A007F7C39 /* Domain */ = {
			isa = PBXGroup;
			children = (
				C93BF0152A378E7A007F7C39 /* Entities */,
				C93BF0172A378E8D007F7C39 /* UseCases */,
				C93BF0162A378E83007F7C39 /* Repositories */,
			);
			path = Domain;
			sourceTree = "<group>";
		};
		C93BF00E2A378723007F7C39 /* Presentation */ = {
			isa = PBXGroup;
			children = (
				C9684FF32A8A2CCE0008790C /* Flow */,
				C9D4226B2AB8D92600FD96F7 /* Utils */,
				C9684F932A3B0E5B0008790C /* Animal */,
				C9684FE62A86619E0008790C /* AnimalQueriesList */,
				C9684F9D2A3B310B0008790C /* AnimalDetail */,
				C9684FA22A3B327C0008790C /* Taxonomy */,
				C9684FA32A3B32840008790C /* Characteristics */,
			);
			path = Presentation;
			sourceTree = "<group>";
		};
		C93BF0152A378E7A007F7C39 /* Entities */ = {
			isa = PBXGroup;
			children = (
				C93BF01A2A378FA7007F7C39 /* Animals.swift */,
				C93BF0182A378F3D007F7C39 /* AnimalQuery.swift */,
			);
			path = Entities;
			sourceTree = "<group>";
		};
		C93BF0162A378E83007F7C39 /* Repositories */ = {
			isa = PBXGroup;
			children = (
				C93BF0112A378DFE007F7C39 /* AnimalRepository.swift */,
				C9684FD72A66E6CB0008790C /* AnimalQueryRepository.swift */,
			);
			path = Repositories;
			sourceTree = "<group>";
		};
		C93BF0172A378E8D007F7C39 /* UseCases */ = {
			isa = PBXGroup;
			children = (
				C93BF0132A378E3C007F7C39 /* FetchAnimalInfoUseCase.swift */,
				C9684FE12A7C06A80008790C /* FetchAnimalQueriesUseCase.swift */,
			);
			path = UseCases;
			sourceTree = "<group>";
		};
		C9684F932A3B0E5B0008790C /* Animal */ = {
			isa = PBXGroup;
			children = (
				C9684F952A3B0E7A0008790C /* ViewModel */,
				C9684F942A3B0E710008790C /* View */,
			);
			path = Animal;
			sourceTree = "<group>";
		};
		C9684F942A3B0E710008790C /* View */ = {
			isa = PBXGroup;
			children = (
				C93BEFDF2A378394007F7C39 /* AnimalListViewController.swift */,
				C9684F8F2A3B06080008790C /* AnimalTableViewCell.swift */,
				C9684F912A3B0CC40008790C /* AnimalCellModel.swift */,
				C9684F962A3B0EC00008790C /* AnimalSectionList.swift */,
			);
			path = View;
			sourceTree = "<group>";
		};
		C9684F952A3B0E7A0008790C /* ViewModel */ = {
			isa = PBXGroup;
			children = (
				C9684F982A3B102D0008790C /* AnimalViewModel.swift */,
			);
			path = ViewModel;
			sourceTree = "<group>";
		};
		C9684F9A2A3B2FDA0008790C /* Repository */ = {
			isa = PBXGroup;
			children = (
				C9684F9B2A3B2FEE0008790C /* DefaultAnimalRepository.swift */,
				C9684FDB2A6D48C70008790C /* DefaultAnimalQueryRepository.swift */,
			);
			path = Repository;
			sourceTree = "<group>";
		};
		C9684F9D2A3B310B0008790C /* AnimalDetail */ = {
			isa = PBXGroup;
			children = (
				C9684F9F2A3B312F0008790C /* ViewModel */,
				C9684F9E2A3B31210008790C /* View */,
			);
			path = AnimalDetail;
			sourceTree = "<group>";
		};
		C9684F9E2A3B31210008790C /* View */ = {
			isa = PBXGroup;
			children = (
				C9684FA02A3B31950008790C /* AnimalDetailViewController.swift */,
				C9684FB62A3B356F0008790C /* AnimalDetailSectionList.swift */,
			);
			path = View;
			sourceTree = "<group>";
		};
		C9684F9F2A3B312F0008790C /* ViewModel */ = {
			isa = PBXGroup;
			children = (
				C9684FCB2A5481980008790C /* DetailModel.swift */,
				C9684FB42A3B34F30008790C /* AnimalDetailViewModel.swift */,
			);
			path = ViewModel;
			sourceTree = "<group>";
		};
		C9684FA22A3B327C0008790C /* Taxonomy */ = {
			isa = PBXGroup;
			children = (
				C9684FA52A3B336C0008790C /* ViewModel */,
				C9684FA42A3B33660008790C /* View */,
			);
			path = Taxonomy;
			sourceTree = "<group>";
		};
		C9684FA32A3B32840008790C /* Characteristics */ = {
			isa = PBXGroup;
			children = (
				C978C4012AF79BE800C5C4E4 /* SwiftUI */,
				C978C4002AF79BDD00C5C4E4 /* UIKit */,
				C9684FAD2A3B33B80008790C /* ViewModel */,
			);
			path = Characteristics;
			sourceTree = "<group>";
		};
		C9684FA42A3B33660008790C /* View */ = {
			isa = PBXGroup;
			children = (
				C9684FA62A3B33840008790C /* TaxonomyView.swift */,
				C9684FA82A3B33990008790C /* TaxonomyViewController.swift */,
			);
			path = View;
			sourceTree = "<group>";
		};
		C9684FA52A3B336C0008790C /* ViewModel */ = {
			isa = PBXGroup;
			children = (
				C9684FAA2A3B33A70008790C /* TaxonomyViewModel.swift */,
			);
			path = ViewModel;
			sourceTree = "<group>";
		};
		C9684FAC2A3B33B20008790C /* View */ = {
			isa = PBXGroup;
			children = (
				C9684FAE2A3B33D40008790C /* CharacteristicsView.swift */,
				C9684FB02A3B33EA0008790C /* CharacteristicsViewController.swift */,
			);
			path = View;
			sourceTree = "<group>";
		};
		C9684FAD2A3B33B80008790C /* ViewModel */ = {
			isa = PBXGroup;
			children = (
				C9684FB22A3B33FB0008790C /* CharacteristicsViewModel.swift */,
			);
			path = ViewModel;
			sourceTree = "<group>";
		};
		C9684FC12A3F3FB40008790C /* DataMapping */ = {
			isa = PBXGroup;
			children = (
				C9684FBD2A3C5DD80008790C /* AnimalModel.swift */,
				C9684FC22A3F40AC0008790C /* AnimalRequestQuery.swift */,
			);
			path = DataMapping;
			sourceTree = "<group>";
		};
		C9684FC42A3F492B0008790C /* Infrastructure */ = {
			isa = PBXGroup;
			children = (
				C9684FC52A3F49390008790C /* Network */,
			);
			path = Infrastructure;
			sourceTree = "<group>";
		};
		C9684FC52A3F49390008790C /* Network */ = {
			isa = PBXGroup;
			children = (
				C9684FBA2A3C5B860008790C /* DataTransferService.swift */,
				C9684FB82A3C5B2B0008790C /* NetworkService.swift */,
				C98D3A642ADEF95800EACA2C /* URLSessionManager.swift */,
				C9684FBF2A3CC5B50008790C /* Endpoint.swift */,
			);
			path = Network;
			sourceTree = "<group>";
		};
		C9684FC82A40BCA50008790C /* EndpointMaking */ = {
			isa = PBXGroup;
			children = (
				C9684FC62A3F55F40008790C /* AnimalEndpointPaths.swift */,
				C9684FC92A40BCC50008790C /* APIEndpoint.swift */,
			);
			path = EndpointMaking;
			sourceTree = "<group>";
		};
		C9684FD32A66E11D0008790C /* PersistentStorage */ = {
			isa = PBXGroup;
			children = (
				C9684FDD2A6D4B3E0008790C /* AnimalQueryStorage.swift */,
				C9684FD52A66E1600008790C /* CoreDataStorage.swift */,
				C9684FDF2A6D55E60008790C /* DataMapping.swift */,
				C9684FD02A66E0FE0008790C /* CoreDataStorage.xcdatamodeld */,
			);
			path = PersistentStorage;
			sourceTree = "<group>";
		};
		C9684FD42A66E12A0008790C /* Network */ = {
			isa = PBXGroup;
			children = (
				C9684FC12A3F3FB40008790C /* DataMapping */,
				C9684FC82A40BCA50008790C /* EndpointMaking */,
			);
			path = Network;
			sourceTree = "<group>";
		};
		C9684FE62A86619E0008790C /* AnimalQueriesList */ = {
			isa = PBXGroup;
			children = (
				C9684FE82A8661D00008790C /* ViewModel */,
				C9D422542AB23A4600FD96F7 /* View */,
			);
			path = AnimalQueriesList;
			sourceTree = "<group>";
		};
		C9684FE82A8661D00008790C /* ViewModel */ = {
			isa = PBXGroup;
			children = (
				C9684FEB2A8662850008790C /* AnimalQueriesListViewModel.swift */,
			);
			path = ViewModel;
			sourceTree = "<group>";
		};
		C9684FF32A8A2CCE0008790C /* Flow */ = {
			isa = PBXGroup;
			children = (
				C9684FF42A8A2CE60008790C /* AnimalFlowCoordinator.swift */,
			);
			path = Flow;
			sourceTree = "<group>";
		};
		C978C4002AF79BDD00C5C4E4 /* UIKit */ = {
			isa = PBXGroup;
			children = (
				C9684FAC2A3B33B20008790C /* View */,
			);
			path = UIKit;
			sourceTree = "<group>";
		};
		C978C4012AF79BE800C5C4E4 /* SwiftUI */ = {
			isa = PBXGroup;
			children = (
				C978C4022AF79C0C00C5C4E4 /* View */,
			);
			path = SwiftUI;
			sourceTree = "<group>";
		};
		C978C4022AF79C0C00C5C4E4 /* View */ = {
			isa = PBXGroup;
			children = (
				C978C4032AF79C4100C5C4E4 /* CharacteristicsViewSwiftUI.swift */,
			);
			path = View;
			sourceTree = "<group>";
		};
		C97AA7172AC48EBC001ED34C /* Presentation */ = {
			isa = PBXGroup;
			children = (
				C97AA7182AC48EC6001ED34C /* Animal */,
				C98D3A3D2ACB3E7500EACA2C /* AnimalDetail */,
				C98D3A492ACEACB900EACA2C /* AnimalQueriesList */,
				C98D3A412ACC99CF00EACA2C /* Taxonomy */,
				C98D3A422ACC99D700EACA2C /* Characteristics */,
			);
			path = Presentation;
			sourceTree = "<group>";
		};
		C97AA7182AC48EC6001ED34C /* Animal */ = {
			isa = PBXGroup;
			children = (
				C97AA7192AC48ECA001ED34C /* ViewModel */,
			);
			path = Animal;
			sourceTree = "<group>";
		};
		C97AA7192AC48ECA001ED34C /* ViewModel */ = {
			isa = PBXGroup;
			children = (
				C97AA71A2AC48EE3001ED34C /* AnimalViewModelTests.swift */,
			);
			path = ViewModel;
			sourceTree = "<group>";
		};
		C97AA71C2AC48F87001ED34C /* Spies */ = {
			isa = PBXGroup;
			children = (
				C97AA71D2AC48F99001ED34C /* FetchAnimalInfoUseCaseSpy.swift */,
				C98D3A4D2ACEAE5700EACA2C /* FetchAnimalQueriesUseCaseSpy.swift */,
				C97AA7202AC4AB5B001ED34C /* DispatchQueueTypeMock.swift */,
				C98D3A682AE2784900EACA2C /* DataTransferServiceSpy.swift */,
				C98D3A6A2AE278B900EACA2C /* AnimalQueryStorageSpy.swift */,
				C98D3A6C2AE2791400EACA2C /* NetworkServiceSpy.swift */,
			);
			path = Spies;
			sourceTree = "<group>";
		};
		C97AA7222AC4ABEF001ED34C /* Common */ = {
			isa = PBXGroup;
			children = (
				C97AA7232AC4ABFF001ED34C /* DispatchQueueType.swift */,
			);
			path = Common;
			sourceTree = "<group>";
		};
		C988771D2AFAC80500F60F76 /* Frameworks */ = {
			isa = PBXGroup;
			children = (
			);
			name = Frameworks;
			sourceTree = "<group>";
		};
		C98D3A3D2ACB3E7500EACA2C /* AnimalDetail */ = {
			isa = PBXGroup;
			children = (
				C98D3A3E2ACB3E9300EACA2C /* ViewModel */,
			);
			path = AnimalDetail;
			sourceTree = "<group>";
		};
		C98D3A3E2ACB3E9300EACA2C /* ViewModel */ = {
			isa = PBXGroup;
			children = (
				C98D3A3F2ACB3EC200EACA2C /* AnimalDetailViewModelTests.swift */,
			);
			path = ViewModel;
			sourceTree = "<group>";
		};
		C98D3A412ACC99CF00EACA2C /* Taxonomy */ = {
			isa = PBXGroup;
			children = (
				C98D3A432ACC9AAE00EACA2C /* ViewModel */,
			);
			path = Taxonomy;
			sourceTree = "<group>";
		};
		C98D3A422ACC99D700EACA2C /* Characteristics */ = {
			isa = PBXGroup;
			children = (
				C98D3A442ACC9ABE00EACA2C /* ViewModel */,
			);
			path = Characteristics;
			sourceTree = "<group>";
		};
		C98D3A432ACC9AAE00EACA2C /* ViewModel */ = {
			isa = PBXGroup;
			children = (
				C98D3A452ACC9B0C00EACA2C /* TaxonomyViewModelTests.swift */,
			);
			path = ViewModel;
			sourceTree = "<group>";
		};
		C98D3A442ACC9ABE00EACA2C /* ViewModel */ = {
			isa = PBXGroup;
			children = (
				C98D3A472ACC9B2400EACA2C /* CharacteristicsViewModelTests.swift */,
			);
			path = ViewModel;
			sourceTree = "<group>";
		};
		C98D3A492ACEACB900EACA2C /* AnimalQueriesList */ = {
			isa = PBXGroup;
			children = (
				C98D3A4A2ACEACDF00EACA2C /* ViewModel */,
			);
			path = AnimalQueriesList;
			sourceTree = "<group>";
		};
		C98D3A4A2ACEACDF00EACA2C /* ViewModel */ = {
			isa = PBXGroup;
			children = (
				C98D3A4B2ACEACF200EACA2C /* AnimalQueriesListTests.swift */,
			);
			path = ViewModel;
			sourceTree = "<group>";
		};
		C98D3A4F2AD0507400EACA2C /* Domain */ = {
			isa = PBXGroup;
			children = (
				C98D3A502AD0508400EACA2C /* UseCases */,
			);
			path = Domain;
			sourceTree = "<group>";
		};
		C98D3A502AD0508400EACA2C /* UseCases */ = {
			isa = PBXGroup;
			children = (
				C98D3A5D2ADD579600EACA2C /* FetchAnimalQueriesUseCaseTests.swift */,
				C98D3A532AD4482B00EACA2C /* FetchAnimalInfoUseCaseTests.swift */,
			);
			path = UseCases;
			sourceTree = "<group>";
		};
		C98D3A552AD878EC00EACA2C /* Data */ = {
			isa = PBXGroup;
			children = (
				C98D3A562AD87BB600EACA2C /* AnimalRepositoryTests.swift */,
				C98D3A662AE17BC600EACA2C /* AnimalQueryRepositoryTests.swift */,
			);
			path = Data;
			sourceTree = "<group>";
		};
		C98D3A582ADD529500EACA2C /* Infrastructure */ = {
			isa = PBXGroup;
			children = (
				C98D3A592ADD561B00EACA2C /* Network */,
			);
			path = Infrastructure;
			sourceTree = "<group>";
		};
		C98D3A592ADD561B00EACA2C /* Network */ = {
			isa = PBXGroup;
			children = (
				C98D3A5A2ADD562F00EACA2C /* DataTransferServiceTests.swift */,
				C98D3A5F2ADD799B00EACA2C /* NetworkServiceTests.swift */,
			);
			path = Network;
			sourceTree = "<group>";
		};
		C9D422542AB23A4600FD96F7 /* View */ = {
			isa = PBXGroup;
			children = (
				C9D422552AB23A6100FD96F7 /* AnimalQueriesViewController.swift */,
				C9D422582AB23A8400FD96F7 /* AnimalQueriesStoryboard.storyboard */,
				C9D4225B2AB23A9D00FD96F7 /* AnimalQueriesTableViewCell.swift */,
			);
			path = View;
			sourceTree = "<group>";
		};
		C9D4226B2AB8D92600FD96F7 /* Utils */ = {
			isa = PBXGroup;
			children = (
				C9D4226C2AB8D93500FD96F7 /* Color.swift */,
				C9D4226E2AB8D94700FD96F7 /* ViewControllerUtils.swift */,
				C9D422702AB8DAE300FD96F7 /* TableViewUtils.swift */,
				C9D422FF2ABDBB8200FD96F7 /* AlertUtils.swift */,
			);
			path = Utils;
			sourceTree = "<group>";
		};
/* End PBXGroup section */

/* Begin PBXNativeTarget section */
		C93BEFD72A378394007F7C39 /* AnimalBrowser */ = {
			isa = PBXNativeTarget;
			buildConfigurationList = C93BF0022A378396007F7C39 /* Build configuration list for PBXNativeTarget "AnimalBrowser" */;
			buildPhases = (
				C93BEFD42A378394007F7C39 /* Sources */,
				C93BEFD52A378394007F7C39 /* Frameworks */,
				C93BEFD62A378394007F7C39 /* Resources */,
				C98877252AFAC80500F60F76 /* Embed Frameworks */,
			);
			buildRules = (
			);
			dependencies = (
			);
			name = AnimalBrowser;
			packageProductDependencies = (
			);
			productName = AnimalBrowser;
			productReference = C93BEFD82A378394007F7C39 /* AnimalBrowser.app */;
			productType = "com.apple.product-type.application";
		};
		C93BEFED2A378396007F7C39 /* AnimalBrowserTests */ = {
			isa = PBXNativeTarget;
			buildConfigurationList = C93BF0052A378396007F7C39 /* Build configuration list for PBXNativeTarget "AnimalBrowserTests" */;
			buildPhases = (
				C93BEFEA2A378396007F7C39 /* Sources */,
				C93BEFEB2A378396007F7C39 /* Frameworks */,
				C93BEFEC2A378396007F7C39 /* Resources */,
			);
			buildRules = (
			);
			dependencies = (
				C93BEFF02A378396007F7C39 /* PBXTargetDependency */,
			);
			name = AnimalBrowserTests;
			productName = AnimalBrowserTests;
			productReference = C93BEFEE2A378396007F7C39 /* AnimalBrowserTests.xctest */;
			productType = "com.apple.product-type.bundle.unit-test";
		};
		C93BEFF72A378396007F7C39 /* AnimalBrowserUITests */ = {
			isa = PBXNativeTarget;
			buildConfigurationList = C93BF0082A378396007F7C39 /* Build configuration list for PBXNativeTarget "AnimalBrowserUITests" */;
			buildPhases = (
				C93BEFF42A378396007F7C39 /* Sources */,
				C93BEFF52A378396007F7C39 /* Frameworks */,
				C93BEFF62A378396007F7C39 /* Resources */,
			);
			buildRules = (
			);
			dependencies = (
				C93BEFFA2A378396007F7C39 /* PBXTargetDependency */,
			);
			name = AnimalBrowserUITests;
			productName = AnimalBrowserUITests;
			productReference = C93BEFF82A378396007F7C39 /* AnimalBrowserUITests.xctest */;
			productType = "com.apple.product-type.bundle.ui-testing";
		};
/* End PBXNativeTarget section */

/* Begin PBXProject section */
		C93BEFD02A378394007F7C39 /* Project object */ = {
			isa = PBXProject;
			attributes = {
				BuildIndependentTargetsInParallel = NO;
				LastSwiftUpdateCheck = 1400;
				LastUpgradeCheck = 1400;
				TargetAttributes = {
					C93BEFD72A378394007F7C39 = {
						CreatedOnToolsVersion = 14.0.1;
					};
					C93BEFED2A378396007F7C39 = {
						CreatedOnToolsVersion = 14.0.1;
						TestTargetID = C93BEFD72A378394007F7C39;
					};
					C93BEFF72A378396007F7C39 = {
						CreatedOnToolsVersion = 14.0.1;
						TestTargetID = C93BEFD72A378394007F7C39;
					};
				};
			};
			buildConfigurationList = C93BEFD32A378394007F7C39 /* Build configuration list for PBXProject "AnimalBrowser" */;
			compatibilityVersion = "Xcode 14.0";
			developmentRegion = en;
			hasScannedForEncodings = 0;
			knownRegions = (
				en,
				Base,
			);
			mainGroup = C93BEFCF2A378394007F7C39;
			packageReferences = (
			);
			productRefGroup = C93BEFD92A378394007F7C39 /* Products */;
			projectDirPath = "";
			projectRoot = "";
			targets = (
				C93BEFD72A378394007F7C39 /* AnimalBrowser */,
				C93BEFED2A378396007F7C39 /* AnimalBrowserTests */,
				C93BEFF72A378396007F7C39 /* AnimalBrowserUITests */,
			);
		};
/* End PBXProject section */

/* Begin PBXResourcesBuildPhase section */
		C93BEFD62A378394007F7C39 /* Resources */ = {
			isa = PBXResourcesBuildPhase;
			buildActionMask = 2147483647;
			files = (
				C9B99D3F2AF6A14000A17503 /* LaunchScreen.storyboard in Resources */,
				C9D422592AB23A8400FD96F7 /* AnimalQueriesStoryboard.storyboard in Resources */,
				C93BEFE52A378396007F7C39 /* Assets.xcassets in Resources */,
			);
			runOnlyForDeploymentPostprocessing = 0;
		};
		C93BEFEC2A378396007F7C39 /* Resources */ = {
			isa = PBXResourcesBuildPhase;
			buildActionMask = 2147483647;
			files = (
			);
			runOnlyForDeploymentPostprocessing = 0;
		};
		C93BEFF62A378396007F7C39 /* Resources */ = {
			isa = PBXResourcesBuildPhase;
			buildActionMask = 2147483647;
			files = (
			);
			runOnlyForDeploymentPostprocessing = 0;
		};
/* End PBXResourcesBuildPhase section */

/* Begin PBXSourcesBuildPhase section */
		C93BEFD42A378394007F7C39 /* Sources */ = {
			isa = PBXSourcesBuildPhase;
			buildActionMask = 2147483647;
			files = (
				C9684FB92A3C5B2B0008790C /* NetworkService.swift in Sources */,
				C93BEFE02A378394007F7C39 /* AnimalListViewController.swift in Sources */,
				C97AA7242AC4ABFF001ED34C /* DispatchQueueType.swift in Sources */,
				C9684FB12A3B33EA0008790C /* CharacteristicsViewController.swift in Sources */,
				C9684F902A3B06090008790C /* AnimalTableViewCell.swift in Sources */,
				C9684FF92A8B97F50008790C /* AnimalViewControllersFactory.swift in Sources */,
				C9D4226F2AB8D94700FD96F7 /* ViewControllerUtils.swift in Sources */,
				C93BF0142A378E3C007F7C39 /* FetchAnimalInfoUseCase.swift in Sources */,
				C9684FC32A3F40AC0008790C /* AnimalRequestQuery.swift in Sources */,
				C9684FE02A6D55E60008790C /* DataMapping.swift in Sources */,
				C9684FA72A3B33840008790C /* TaxonomyView.swift in Sources */,
				C9684FCA2A40BCC50008790C /* APIEndpoint.swift in Sources */,
				C9684F9C2A3B2FEE0008790C /* DefaultAnimalRepository.swift in Sources */,
				C9684FBE2A3C5DD80008790C /* AnimalModel.swift in Sources */,
				C9684FB72A3B356F0008790C /* AnimalDetailSectionList.swift in Sources */,
				C9684F972A3B0EC00008790C /* AnimalSectionList.swift in Sources */,
				C9684FD62A66E1600008790C /* CoreDataStorage.swift in Sources */,
				C9684FC72A3F55F40008790C /* AnimalEndpointPaths.swift in Sources */,
				C9D422712AB8DAE300FD96F7 /* TableViewUtils.swift in Sources */,
				C9684FD82A66E6CB0008790C /* AnimalQueryRepository.swift in Sources */,
				C9684FB32A3B33FB0008790C /* CharacteristicsViewModel.swift in Sources */,
				C93BEFDC2A378394007F7C39 /* AppDelegate.swift in Sources */,
				C9684F992A3B102D0008790C /* AnimalViewModel.swift in Sources */,
				C9684FDC2A6D48C70008790C /* DefaultAnimalQueryRepository.swift in Sources */,
				C9D422562AB23A6100FD96F7 /* AnimalQueriesViewController.swift in Sources */,
				C9684F922A3B0CC40008790C /* AnimalCellModel.swift in Sources */,
				C9D4226D2AB8D93500FD96F7 /* Color.swift in Sources */,
				C9684FDE2A6D4B3E0008790C /* AnimalQueryStorage.swift in Sources */,
				C9684FE22A7C06A80008790C /* FetchAnimalQueriesUseCase.swift in Sources */,
				C9D423002ABDBB8200FD96F7 /* AlertUtils.swift in Sources */,
				C9684FF22A893AE10008790C /* AppFlowCoordinator.swift in Sources */,
				C9684FAF2A3B33D40008790C /* CharacteristicsView.swift in Sources */,
				C9684FA92A3B33990008790C /* TaxonomyViewController.swift in Sources */,
				C93BF0122A378DFE007F7C39 /* AnimalRepository.swift in Sources */,
				C93BF01B2A378FA7007F7C39 /* Animals.swift in Sources */,
				C9684FCC2A5481980008790C /* DetailModel.swift in Sources */,
				C98D3A652ADEF95800EACA2C /* URLSessionManager.swift in Sources */,
				C9684FB52A3B34F30008790C /* AnimalDetailViewModel.swift in Sources */,
				C93BF0192A378F3D007F7C39 /* AnimalQuery.swift in Sources */,
				C978C4042AF79C4100C5C4E4 /* CharacteristicsViewSwiftUI.swift in Sources */,
				C9D4225C2AB23A9D00FD96F7 /* AnimalQueriesTableViewCell.swift in Sources */,
				C9684FBB2A3C5B860008790C /* DataTransferService.swift in Sources */,
				C9684FAB2A3B33A70008790C /* TaxonomyViewModel.swift in Sources */,
				C93BEFDE2A378394007F7C39 /* SceneDelegate.swift in Sources */,
				C9684FA12A3B31950008790C /* AnimalDetailViewController.swift in Sources */,
				C9684FD22A66E0FE0008790C /* CoreDataStorage.xcdatamodeld in Sources */,
				C9684FF52A8A2CE60008790C /* AnimalFlowCoordinator.swift in Sources */,
				C9684FC02A3CC5B50008790C /* Endpoint.swift in Sources */,
				C9684FEC2A8662850008790C /* AnimalQueriesListViewModel.swift in Sources */,
			);
			runOnlyForDeploymentPostprocessing = 0;
		};
		C93BEFEA2A378396007F7C39 /* Sources */ = {
			isa = PBXSourcesBuildPhase;
			buildActionMask = 2147483647;
			files = (
				C97AA71B2AC48EE3001ED34C /* AnimalViewModelTests.swift in Sources */,
				C98D3A462ACC9B0C00EACA2C /* TaxonomyViewModelTests.swift in Sources */,
				C98D3A6B2AE278B900EACA2C /* AnimalQueryStorageSpy.swift in Sources */,
				C98D3A402ACB3EC200EACA2C /* AnimalDetailViewModelTests.swift in Sources */,
				C98D3A692AE2784900EACA2C /* DataTransferServiceSpy.swift in Sources */,
				C98D3A5B2ADD562F00EACA2C /* DataTransferServiceTests.swift in Sources */,
				C98D3A572AD87BB600EACA2C /* AnimalRepositoryTests.swift in Sources */,
				C97AA7212AC4AB5B001ED34C /* DispatchQueueTypeMock.swift in Sources */,
				C98D3A542AD4482C00EACA2C /* FetchAnimalInfoUseCaseTests.swift in Sources */,
				C97AA71E2AC48F99001ED34C /* FetchAnimalInfoUseCaseSpy.swift in Sources */,
				C98D3A672AE17BC600EACA2C /* AnimalQueryRepositoryTests.swift in Sources */,
				C98D3A6D2AE2791400EACA2C /* NetworkServiceSpy.swift in Sources */,
				C98D3A602ADD799B00EACA2C /* NetworkServiceTests.swift in Sources */,
				C98D3A5E2ADD579600EACA2C /* FetchAnimalQueriesUseCaseTests.swift in Sources */,
				C98D3A482ACC9B2400EACA2C /* CharacteristicsViewModelTests.swift in Sources */,
				C98D3A4E2ACEAE5700EACA2C /* FetchAnimalQueriesUseCaseSpy.swift in Sources */,
				C98D3A4C2ACEACF200EACA2C /* AnimalQueriesListTests.swift in Sources */,
			);
			runOnlyForDeploymentPostprocessing = 0;
		};
		C93BEFF42A378396007F7C39 /* Sources */ = {
			isa = PBXSourcesBuildPhase;
			buildActionMask = 2147483647;
			files = (
			);
			runOnlyForDeploymentPostprocessing = 0;
		};
/* End PBXSourcesBuildPhase section */

/* Begin PBXTargetDependency section */
		C93BEFF02A378396007F7C39 /* PBXTargetDependency */ = {
			isa = PBXTargetDependency;
			target = C93BEFD72A378394007F7C39 /* AnimalBrowser */;
			targetProxy = C93BEFEF2A378396007F7C39 /* PBXContainerItemProxy */;
		};
		C93BEFFA2A378396007F7C39 /* PBXTargetDependency */ = {
			isa = PBXTargetDependency;
			target = C93BEFD72A378394007F7C39 /* AnimalBrowser */;
			targetProxy = C93BEFF92A378396007F7C39 /* PBXContainerItemProxy */;
		};
/* End PBXTargetDependency section */

/* Begin XCBuildConfiguration section */
		C93BF0002A378396007F7C39 /* Debug */ = {
			isa = XCBuildConfiguration;
			buildSettings = {
				ALWAYS_SEARCH_USER_PATHS = NO;
				CLANG_ANALYZER_LOCALIZABILITY_NONLOCALIZED = YES;
				CLANG_ANALYZER_NONNULL = YES;
				CLANG_ANALYZER_NUMBER_OBJECT_CONVERSION = YES_AGGRESSIVE;
				CLANG_CXX_LANGUAGE_STANDARD = "gnu++20";
				CLANG_ENABLE_MODULES = YES;
				CLANG_ENABLE_OBJC_ARC = YES;
				CLANG_ENABLE_OBJC_WEAK = YES;
				CLANG_WARN_BLOCK_CAPTURE_AUTORELEASING = YES;
				CLANG_WARN_BOOL_CONVERSION = YES;
				CLANG_WARN_COMMA = YES;
				CLANG_WARN_CONSTANT_CONVERSION = YES;
				CLANG_WARN_DEPRECATED_OBJC_IMPLEMENTATIONS = YES;
				CLANG_WARN_DIRECT_OBJC_ISA_USAGE = YES_ERROR;
				CLANG_WARN_DOCUMENTATION_COMMENTS = YES;
				CLANG_WARN_EMPTY_BODY = YES;
				CLANG_WARN_ENUM_CONVERSION = YES;
				CLANG_WARN_INFINITE_RECURSION = YES;
				CLANG_WARN_INT_CONVERSION = YES;
				CLANG_WARN_NON_LITERAL_NULL_CONVERSION = YES;
				CLANG_WARN_OBJC_IMPLICIT_RETAIN_SELF = YES;
				CLANG_WARN_OBJC_LITERAL_CONVERSION = YES;
				CLANG_WARN_OBJC_ROOT_CLASS = YES_ERROR;
				CLANG_WARN_QUOTED_INCLUDE_IN_FRAMEWORK_HEADER = YES;
				CLANG_WARN_RANGE_LOOP_ANALYSIS = YES;
				CLANG_WARN_STRICT_PROTOTYPES = YES;
				CLANG_WARN_SUSPICIOUS_MOVE = YES;
				CLANG_WARN_UNGUARDED_AVAILABILITY = YES_AGGRESSIVE;
				CLANG_WARN_UNREACHABLE_CODE = YES;
				CLANG_WARN__DUPLICATE_METHOD_MATCH = YES;
				COPY_PHASE_STRIP = NO;
				DEBUG_INFORMATION_FORMAT = dwarf;
				ENABLE_STRICT_OBJC_MSGSEND = YES;
				ENABLE_TESTABILITY = YES;
				GCC_C_LANGUAGE_STANDARD = gnu11;
				GCC_DYNAMIC_NO_PIC = NO;
				GCC_NO_COMMON_BLOCKS = YES;
				GCC_OPTIMIZATION_LEVEL = 0;
				GCC_PREPROCESSOR_DEFINITIONS = (
					"DEBUG=1",
					"$(inherited)",
				);
				GCC_WARN_64_TO_32_BIT_CONVERSION = YES;
				GCC_WARN_ABOUT_RETURN_TYPE = YES_ERROR;
				GCC_WARN_UNDECLARED_SELECTOR = YES;
				GCC_WARN_UNINITIALIZED_AUTOS = YES_AGGRESSIVE;
				GCC_WARN_UNUSED_FUNCTION = YES;
				GCC_WARN_UNUSED_VARIABLE = YES;
				IPHONEOS_DEPLOYMENT_TARGET = 15.0;
				MTL_ENABLE_DEBUG_INFO = INCLUDE_SOURCE;
				MTL_FAST_MATH = YES;
				ONLY_ACTIVE_ARCH = YES;
				SDKROOT = iphoneos;
				SWIFT_ACTIVE_COMPILATION_CONDITIONS = DEBUG;
				SWIFT_OPTIMIZATION_LEVEL = "-Onone";
			};
			name = Debug;
		};
		C93BF0012A378396007F7C39 /* Release */ = {
			isa = XCBuildConfiguration;
			buildSettings = {
				ALWAYS_SEARCH_USER_PATHS = NO;
				CLANG_ANALYZER_LOCALIZABILITY_NONLOCALIZED = YES;
				CLANG_ANALYZER_NONNULL = YES;
				CLANG_ANALYZER_NUMBER_OBJECT_CONVERSION = YES_AGGRESSIVE;
				CLANG_CXX_LANGUAGE_STANDARD = "gnu++20";
				CLANG_ENABLE_MODULES = YES;
				CLANG_ENABLE_OBJC_ARC = YES;
				CLANG_ENABLE_OBJC_WEAK = YES;
				CLANG_WARN_BLOCK_CAPTURE_AUTORELEASING = YES;
				CLANG_WARN_BOOL_CONVERSION = YES;
				CLANG_WARN_COMMA = YES;
				CLANG_WARN_CONSTANT_CONVERSION = YES;
				CLANG_WARN_DEPRECATED_OBJC_IMPLEMENTATIONS = YES;
				CLANG_WARN_DIRECT_OBJC_ISA_USAGE = YES_ERROR;
				CLANG_WARN_DOCUMENTATION_COMMENTS = YES;
				CLANG_WARN_EMPTY_BODY = YES;
				CLANG_WARN_ENUM_CONVERSION = YES;
				CLANG_WARN_INFINITE_RECURSION = YES;
				CLANG_WARN_INT_CONVERSION = YES;
				CLANG_WARN_NON_LITERAL_NULL_CONVERSION = YES;
				CLANG_WARN_OBJC_IMPLICIT_RETAIN_SELF = YES;
				CLANG_WARN_OBJC_LITERAL_CONVERSION = YES;
				CLANG_WARN_OBJC_ROOT_CLASS = YES_ERROR;
				CLANG_WARN_QUOTED_INCLUDE_IN_FRAMEWORK_HEADER = YES;
				CLANG_WARN_RANGE_LOOP_ANALYSIS = YES;
				CLANG_WARN_STRICT_PROTOTYPES = YES;
				CLANG_WARN_SUSPICIOUS_MOVE = YES;
				CLANG_WARN_UNGUARDED_AVAILABILITY = YES_AGGRESSIVE;
				CLANG_WARN_UNREACHABLE_CODE = YES;
				CLANG_WARN__DUPLICATE_METHOD_MATCH = YES;
				COPY_PHASE_STRIP = NO;
				DEBUG_INFORMATION_FORMAT = "dwarf-with-dsym";
				ENABLE_NS_ASSERTIONS = NO;
				ENABLE_STRICT_OBJC_MSGSEND = YES;
				GCC_C_LANGUAGE_STANDARD = gnu11;
				GCC_NO_COMMON_BLOCKS = YES;
				GCC_WARN_64_TO_32_BIT_CONVERSION = YES;
				GCC_WARN_ABOUT_RETURN_TYPE = YES_ERROR;
				GCC_WARN_UNDECLARED_SELECTOR = YES;
				GCC_WARN_UNINITIALIZED_AUTOS = YES_AGGRESSIVE;
				GCC_WARN_UNUSED_FUNCTION = YES;
				GCC_WARN_UNUSED_VARIABLE = YES;
				IPHONEOS_DEPLOYMENT_TARGET = 15.0;
				MTL_ENABLE_DEBUG_INFO = NO;
				MTL_FAST_MATH = YES;
				SDKROOT = iphoneos;
				SWIFT_COMPILATION_MODE = wholemodule;
				SWIFT_OPTIMIZATION_LEVEL = "-O";
				VALIDATE_PRODUCT = YES;
			};
			name = Release;
		};
		C93BF0032A378396007F7C39 /* Debug */ = {
			isa = XCBuildConfiguration;
			buildSettings = {
				ASSETCATALOG_COMPILER_APPICON_NAME = AppIcon;
				ASSETCATALOG_COMPILER_GLOBAL_ACCENT_COLOR_NAME = AccentColor;
				CODE_SIGN_STYLE = Automatic;
				CURRENT_PROJECT_VERSION = 1;
				GENERATE_INFOPLIST_FILE = YES;
				INFOPLIST_FILE = AnimalBrowser/Info.plist;
				INFOPLIST_KEY_CFBundleDisplayName = "Animal Browser";
				INFOPLIST_KEY_UIApplicationSupportsIndirectInputEvents = YES;
				INFOPLIST_KEY_UILaunchStoryboardName = LaunchScreen.storyboard;
				INFOPLIST_KEY_UISupportedInterfaceOrientations = UIInterfaceOrientationPortrait;
				IPHONEOS_DEPLOYMENT_TARGET = 17.0;
				LD_RUNPATH_SEARCH_PATHS = (
					"$(inherited)",
					"@executable_path/Frameworks",
				);
				MARKETING_VERSION = 1.0;
				PRODUCT_BUNDLE_IDENTIFIER = ED.AnimalBrowser;
				PRODUCT_NAME = "$(TARGET_NAME)";
				SWIFT_EMIT_LOC_STRINGS = YES;
				SWIFT_VERSION = 5.0;
				TARGETED_DEVICE_FAMILY = "1,2";
			};
			name = Debug;
		};
		C93BF0042A378396007F7C39 /* Release */ = {
			isa = XCBuildConfiguration;
			buildSettings = {
				ASSETCATALOG_COMPILER_APPICON_NAME = AppIcon;
				ASSETCATALOG_COMPILER_GLOBAL_ACCENT_COLOR_NAME = AccentColor;
				CODE_SIGN_STYLE = Automatic;
				CURRENT_PROJECT_VERSION = 1;
				GENERATE_INFOPLIST_FILE = YES;
				INFOPLIST_FILE = AnimalBrowser/Info.plist;
				INFOPLIST_KEY_CFBundleDisplayName = "Animal Browser";
				INFOPLIST_KEY_UIApplicationSupportsIndirectInputEvents = YES;
				INFOPLIST_KEY_UILaunchStoryboardName = LaunchScreen.storyboard;
				INFOPLIST_KEY_UISupportedInterfaceOrientations = UIInterfaceOrientationPortrait;
				IPHONEOS_DEPLOYMENT_TARGET = 17.0;
				LD_RUNPATH_SEARCH_PATHS = (
					"$(inherited)",
					"@executable_path/Frameworks",
				);
				MARKETING_VERSION = 1.0;
				PRODUCT_BUNDLE_IDENTIFIER = ED.AnimalBrowser;
				PRODUCT_NAME = "$(TARGET_NAME)";
				SWIFT_EMIT_LOC_STRINGS = YES;
				SWIFT_VERSION = 5.0;
				TARGETED_DEVICE_FAMILY = "1,2";
			};
			name = Release;
		};
		C93BF0062A378396007F7C39 /* Debug */ = {
			isa = XCBuildConfiguration;
			buildSettings = {
				ALWAYS_EMBED_SWIFT_STANDARD_LIBRARIES = YES;
				BUNDLE_LOADER = "$(TEST_HOST)";
				CODE_SIGN_STYLE = Automatic;
				CURRENT_PROJECT_VERSION = 1;
				GENERATE_INFOPLIST_FILE = YES;
				IPHONEOS_DEPLOYMENT_TARGET = 16.0;
				MARKETING_VERSION = 1.0;
				PRODUCT_BUNDLE_IDENTIFIER = ED.AnimalBrowserTests;
				PRODUCT_NAME = "$(TARGET_NAME)";
				SWIFT_EMIT_LOC_STRINGS = NO;
				SWIFT_VERSION = 5.0;
				TARGETED_DEVICE_FAMILY = "1,2";
				TEST_HOST = "$(BUILT_PRODUCTS_DIR)/AnimalBrowser.app/$(BUNDLE_EXECUTABLE_FOLDER_PATH)/AnimalBrowser";
			};
			name = Debug;
		};
		C93BF0072A378396007F7C39 /* Release */ = {
			isa = XCBuildConfiguration;
			buildSettings = {
				ALWAYS_EMBED_SWIFT_STANDARD_LIBRARIES = YES;
				BUNDLE_LOADER = "$(TEST_HOST)";
				CODE_SIGN_STYLE = Automatic;
				CURRENT_PROJECT_VERSION = 1;
				GENERATE_INFOPLIST_FILE = YES;
				IPHONEOS_DEPLOYMENT_TARGET = 16.0;
				MARKETING_VERSION = 1.0;
				PRODUCT_BUNDLE_IDENTIFIER = ED.AnimalBrowserTests;
				PRODUCT_NAME = "$(TARGET_NAME)";
				SWIFT_EMIT_LOC_STRINGS = NO;
				SWIFT_VERSION = 5.0;
				TARGETED_DEVICE_FAMILY = "1,2";
				TEST_HOST = "$(BUILT_PRODUCTS_DIR)/AnimalBrowser.app/$(BUNDLE_EXECUTABLE_FOLDER_PATH)/AnimalBrowser";
			};
			name = Release;
		};
		C93BF0092A378396007F7C39 /* Debug */ = {
			isa = XCBuildConfiguration;
			buildSettings = {
				ALWAYS_EMBED_SWIFT_STANDARD_LIBRARIES = YES;
				CODE_SIGN_STYLE = Automatic;
				CURRENT_PROJECT_VERSION = 1;
				GENERATE_INFOPLIST_FILE = YES;
				MARKETING_VERSION = 1.0;
				PRODUCT_BUNDLE_IDENTIFIER = ED.AnimalBrowserUITests;
				PRODUCT_NAME = "$(TARGET_NAME)";
				SWIFT_EMIT_LOC_STRINGS = NO;
				SWIFT_VERSION = 5.0;
				TARGETED_DEVICE_FAMILY = "1,2";
				TEST_TARGET_NAME = AnimalBrowser;
			};
			name = Debug;
		};
		C93BF00A2A378396007F7C39 /* Release */ = {
			isa = XCBuildConfiguration;
			buildSettings = {
				ALWAYS_EMBED_SWIFT_STANDARD_LIBRARIES = YES;
				CODE_SIGN_STYLE = Automatic;
				CURRENT_PROJECT_VERSION = 1;
				GENERATE_INFOPLIST_FILE = YES;
				MARKETING_VERSION = 1.0;
				PRODUCT_BUNDLE_IDENTIFIER = ED.AnimalBrowserUITests;
				PRODUCT_NAME = "$(TARGET_NAME)";
				SWIFT_EMIT_LOC_STRINGS = NO;
				SWIFT_VERSION = 5.0;
				TARGETED_DEVICE_FAMILY = "1,2";
				TEST_TARGET_NAME = AnimalBrowser;
			};
			name = Release;
		};
/* End XCBuildConfiguration section */

/* Begin XCConfigurationList section */
		C93BEFD32A378394007F7C39 /* Build configuration list for PBXProject "AnimalBrowser" */ = {
			isa = XCConfigurationList;
			buildConfigurations = (
				C93BF0002A378396007F7C39 /* Debug */,
				C93BF0012A378396007F7C39 /* Release */,
			);
			defaultConfigurationIsVisible = 0;
			defaultConfigurationName = Release;
		};
		C93BF0022A378396007F7C39 /* Build configuration list for PBXNativeTarget "AnimalBrowser" */ = {
			isa = XCConfigurationList;
			buildConfigurations = (
				C93BF0032A378396007F7C39 /* Debug */,
				C93BF0042A378396007F7C39 /* Release */,
			);
			defaultConfigurationIsVisible = 0;
			defaultConfigurationName = Release;
		};
		C93BF0052A378396007F7C39 /* Build configuration list for PBXNativeTarget "AnimalBrowserTests" */ = {
			isa = XCConfigurationList;
			buildConfigurations = (
				C93BF0062A378396007F7C39 /* Debug */,
				C93BF0072A378396007F7C39 /* Release */,
			);
			defaultConfigurationIsVisible = 0;
			defaultConfigurationName = Release;
		};
		C93BF0082A378396007F7C39 /* Build configuration list for PBXNativeTarget "AnimalBrowserUITests" */ = {
			isa = XCConfigurationList;
			buildConfigurations = (
				C93BF0092A378396007F7C39 /* Debug */,
				C93BF00A2A378396007F7C39 /* Release */,
			);
			defaultConfigurationIsVisible = 0;
			defaultConfigurationName = Release;
		};
/* End XCConfigurationList section */

/* Begin XCVersionGroup section */
		C9684FD02A66E0FE0008790C /* CoreDataStorage.xcdatamodeld */ = {
			isa = XCVersionGroup;
			children = (
				C9684FD12A66E0FE0008790C /* CoreDataStorage.xcdatamodel */,
			);
			currentVersion = C9684FD12A66E0FE0008790C /* CoreDataStorage.xcdatamodel */;
			path = CoreDataStorage.xcdatamodeld;
			sourceTree = "<group>";
			versionGroupType = wrapper.xcdatamodel;
		};
/* End XCVersionGroup section */
	};
	rootObject = C93BEFD02A378394007F7C39 /* Project object */;
}
